
Microsoft Visual Studio Solution File, Format Version 12.00
# Visual Studio Version 16
VisualStudioVersion = 16.0.30907.101
MinimumVisualStudioVersion = 10.0.40219.1
Project("{F184B08F-C81C-45F6-A57F-5ABD9991F28F}") = "Proj 6 Except Handling", "Proj 6 Except Handling\Proj 6 Except Handling.vbproj", "{0621FDE1-28EB-424C-BBF7-0D6037D465D3}"
EndProject
Global
	GlobalSection(SolutionConfigurationPlatforms) = preSolution
		Debug|Any CPU = Debug|Any CPU
		Release|Any CPU = Release|Any CPU
	EndGlobalSection
	GlobalSection(ProjectConfigurationPlatforms) = postSolution
		{0621FDE1-28EB-424C-BBF7-0D6037D465D3}.Debug|Any CPU.ActiveCfg = Debug|Any CPU
		{0621FDE1-28EB-424C-BBF7-0D6037D465D3}.Debug|Any CPU.Build.0 = Debug|Any CPU
		{0621FDE1-28EB-424C-BBF7-0D6037D465D3}.Release|Any CPU.ActiveCfg = Release|Any CPU
		{0621FDE1-28EB-424C-BBF7-0D6037D465D3}.Release|Any CPU.Build.0 = Release|Any CPU
	EndGlobalSection
	GlobalSection(SolutionProperties) = preSolution
		HideSolutionNode = FALSE
	EndGlobalSection
	GlobalSection(ExtensibilityGlobals) = postSolution
		SolutionGuid = {FE8DDDEF-BF79-4B75-A2FA-41E1ABB3BF76}
	EndGlobalSection
EndGlobal
